
Microsoft Visual Studio Solution File, Format Version 12.00
# Visual Studio 2012
Project("{FAE04EC0-301F-11D3-BF4B-00C04F79EFBC}") = "mohatter", "mohatter\mohatter.csproj", "{7C839442-6953-483F-A304-A64EF4FBA988}"
EndProject
Project("{FAE04EC0-301F-11D3-BF4B-00C04F79EFBC}") = "mohatter.UITests", "mohatter.UITests\mohatter.UITests.csproj", "{9FFDBE33-E3FF-4E2D-9491-91FE82713E55}"
EndProject
Global
	GlobalSection(SolutionConfigurationPlatforms) = preSolution
		Debug|Any CPU = Debug|Any CPU
		Release|Any CPU = Release|Any CPU
	EndGlobalSection
	GlobalSection(ProjectConfigurationPlatforms) = postSolution
		{7C839442-6953-483F-A304-A64EF4FBA988}.Debug|Any CPU.ActiveCfg = Debug|Any CPU
		{7C839442-6953-483F-A304-A64EF4FBA988}.Debug|Any CPU.Build.0 = Debug|Any CPU
		{7C839442-6953-483F-A304-A64EF4FBA988}.Release|Any CPU.ActiveCfg = Release|Any CPU
		{7C839442-6953-483F-A304-A64EF4FBA988}.Release|Any CPU.Build.0 = Release|Any CPU
		{9FFDBE33-E3FF-4E2D-9491-91FE82713E55}.Debug|Any CPU.ActiveCfg = Debug|Any CPU
		{9FFDBE33-E3FF-4E2D-9491-91FE82713E55}.Debug|Any CPU.Build.0 = Debug|Any CPU
		{9FFDBE33-E3FF-4E2D-9491-91FE82713E55}.Release|Any CPU.ActiveCfg = Release|Any CPU
		{9FFDBE33-E3FF-4E2D-9491-91FE82713E55}.Release|Any CPU.Build.0 = Release|Any CPU
	EndGlobalSection
EndGlobal
